PODS:
  - IBMMobileFirstPlatformFoundation (8.0.2018040422)

DEPENDENCIES:
  - IBMMobileFirstPlatformFoundation

SPEC REPOS:
  https://github.com/cocoapods/specs.git:
    - IBMMobileFirstPlatformFoundation

SPEC CHECKSUMS:
  IBMMobileFirstPlatformFoundation: 6bc8dc89768e412decf259dcb3d5d0a8513c0ce9

PODFILE CHECKSUM: 82e07e4cae76556bfcd866d4e0ff4524c9dc8e84

COCOAPODS: 1.5.2
